
Microsoft Visual Studio Solution File, Format Version 12.00
# Visual Studio Version 17
VisualStudioVersion = 17.13.35931.197
MinimumVisualStudioVersion = 10.0.40219.1
Project("{FAE04EC0-301F-11D3-BF4B-00C04F79EFBC}") = "StateHospital.Presentation", "StateHospital\StateHospital.Presentation.csproj", "{BFE8F990-69D4-4FB8-99CE-9D5CDDEB20EC}"
EndProject
Project("{FAE04EC0-301F-11D3-BF4B-00C04F79EFBC}") = "StateHospital.Data", "StateHospital.Data\StateHospital.Data.csproj", "{129633A3-E0B1-412D-AC35-676D2F6118CE}"
EndProject
Project("{FAE04EC0-301F-11D3-BF4B-00C04F79EFBC}") = "StateHospital.Services", "StateHospital.Services\StateHospital.Services.csproj", "{720D8C7A-930D-4D12-9982-DD33C488B71F}"
EndProject
Project("{2150E333-8FDC-42A3-9474-1A3956D46DE8}") = "SolutionItems", "SolutionItems", "{02EA681E-C7D8-13C7-8484-4AC65E1B71E8}"
	ProjectSection(SolutionItems) = preProject
		ReadMe.txt = ReadMe.txt
	EndProjectSection
EndProject
Project("{FAE04EC0-301F-11D3-BF4B-00C04F79EFBC}") = "StateHospital.Common", "StateHospital.Common\StateHospital.Common.csproj", "{6677EDE0-F31E-4749-8BC0-35F5BC2C11F6}"
EndProject
Global
	GlobalSection(SolutionConfigurationPlatforms) = preSolution
		Debug|Any CPU = Debug|Any CPU
		Release|Any CPU = Release|Any CPU
	EndGlobalSection
	GlobalSection(ProjectConfigurationPlatforms) = postSolution
		{BFE8F990-69D4-4FB8-99CE-9D5CDDEB20EC}.Debug|Any CPU.ActiveCfg = Debug|Any CPU
		{BFE8F990-69D4-4FB8-99CE-9D5CDDEB20EC}.Debug|Any CPU.Build.0 = Debug|Any CPU
		{BFE8F990-69D4-4FB8-99CE-9D5CDDEB20EC}.Release|Any CPU.ActiveCfg = Release|Any CPU
		{BFE8F990-69D4-4FB8-99CE-9D5CDDEB20EC}.Release|Any CPU.Build.0 = Release|Any CPU
		{129633A3-E0B1-412D-AC35-676D2F6118CE}.Debug|Any CPU.ActiveCfg = Debug|Any CPU
		{129633A3-E0B1-412D-AC35-676D2F6118CE}.Debug|Any CPU.Build.0 = Debug|Any CPU
		{129633A3-E0B1-412D-AC35-676D2F6118CE}.Release|Any CPU.ActiveCfg = Release|Any CPU
		{129633A3-E0B1-412D-AC35-676D2F6118CE}.Release|Any CPU.Build.0 = Release|Any CPU
		{720D8C7A-930D-4D12-9982-DD33C488B71F}.Debug|Any CPU.ActiveCfg = Debug|Any CPU
		{720D8C7A-930D-4D12-9982-DD33C488B71F}.Debug|Any CPU.Build.0 = Debug|Any CPU
		{720D8C7A-930D-4D12-9982-DD33C488B71F}.Release|Any CPU.ActiveCfg = Release|Any CPU
		{720D8C7A-930D-4D12-9982-DD33C488B71F}.Release|Any CPU.Build.0 = Release|Any CPU
		{6677EDE0-F31E-4749-8BC0-35F5BC2C11F6}.Debug|Any CPU.ActiveCfg = Debug|Any CPU
		{6677EDE0-F31E-4749-8BC0-35F5BC2C11F6}.Debug|Any CPU.Build.0 = Debug|Any CPU
		{6677EDE0-F31E-4749-8BC0-35F5BC2C11F6}.Release|Any CPU.ActiveCfg = Release|Any CPU
		{6677EDE0-F31E-4749-8BC0-35F5BC2C11F6}.Release|Any CPU.Build.0 = Release|Any CPU
	EndGlobalSection
	GlobalSection(SolutionProperties) = preSolution
		HideSolutionNode = FALSE
	EndGlobalSection
	GlobalSection(ExtensibilityGlobals) = postSolution
		SolutionGuid = {5A1AA29A-94E4-488B-9A9B-780DC6A1412D}
	EndGlobalSection
EndGlobal
